
Microsoft Visual Studio Solution File, Format Version 12.00
# Visual Studio 2013
VisualStudioVersion = 12.0.21005.1
MinimumVisualStudioVersion = 10.0.40219.1
Project("{FAE04EC0-301F-11D3-BF4B-00C04F79EFBC}") = "Dsktp-SecureHeartbeat", "Dsktp-SecureHeartbeat\Dsktp-SecureHeartbeat.csproj", "{CE72CD2B-219F-4343-9EC6-5DDBD9EBDEB9}"
EndProject
Project("{FAE04EC0-301F-11D3-BF4B-00C04F79EFBC}") = "Dsktp-SecureHearbeat.Test", "Dsktp-SecureHearbeat.Test\Dsktp-SecureHearbeat.Test.csproj", "{2738A911-C811-4D7A-A4E4-347B75DFFAF5}"
EndProject
Global
	GlobalSection(SolutionConfigurationPlatforms) = preSolution
		Debug|Any CPU = Debug|Any CPU
		Release|Any CPU = Release|Any CPU
	EndGlobalSection
	GlobalSection(ProjectConfigurationPlatforms) = postSolution
		{CE72CD2B-219F-4343-9EC6-5DDBD9EBDEB9}.Debug|Any CPU.ActiveCfg = Debug|Any CPU
		{CE72CD2B-219F-4343-9EC6-5DDBD9EBDEB9}.Debug|Any CPU.Build.0 = Debug|Any CPU
		{CE72CD2B-219F-4343-9EC6-5DDBD9EBDEB9}.Release|Any CPU.ActiveCfg = Release|Any CPU
		{CE72CD2B-219F-4343-9EC6-5DDBD9EBDEB9}.Release|Any CPU.Build.0 = Release|Any CPU
		{2738A911-C811-4D7A-A4E4-347B75DFFAF5}.Debug|Any CPU.ActiveCfg = Debug|Any CPU
		{2738A911-C811-4D7A-A4E4-347B75DFFAF5}.Debug|Any CPU.Build.0 = Debug|Any CPU
		{2738A911-C811-4D7A-A4E4-347B75DFFAF5}.Release|Any CPU.ActiveCfg = Release|Any CPU
		{2738A911-C811-4D7A-A4E4-347B75DFFAF5}.Release|Any CPU.Build.0 = Release|Any CPU
	EndGlobalSection
	GlobalSection(SolutionProperties) = preSolution
		HideSolutionNode = FALSE
	EndGlobalSection
EndGlobal
